// !$*UTF8*$!
{
	archiveVersion = 1;
	classes = {
	};
	objectVersion = 51;
	objects = {

/* Begin PBXBuildFile section */
		0084DE4623831E3F009C73A8 /* User.swift in Sources */ = {isa = PBXBuildFile; fileRef = 0084DE4523831E3F009C73A8 /* User.swift */; };
		0086B7182381E26600B005B9 /* Login.swift in Sources */ = {isa = PBXBuildFile; fileRef = 0086B7172381E26600B005B9 /* Login.swift */; };
		0086B71C2381E53000B005B9 /* Authentication.swift in Sources */ = {isa = PBXBuildFile; fileRef = 0086B71B2381E53000B005B9 /* Authentication.swift */; };
		0086B71E2381FCE600B005B9 /* CreateAccount.swift in Sources */ = {isa = PBXBuildFile; fileRef = 0086B71D2381FCE600B005B9 /* CreateAccount.swift */; };
		00C44144237F807A00A211F6 /* Book.swift in Sources */ = {isa = PBXBuildFile; fileRef = 00C44143237F807A00A211F6 /* Book.swift */; };
		560B6AC9238125D80061FD15 /* noImage.png in Resources */ = {isa = PBXBuildFile; fileRef = 560B6AC8238125D80061FD15 /* noImage.png */; };
		56A93ED12379DBFA00EEF0AC /* Browse.swift in Sources */ = {isa = PBXBuildFile; fileRef = 56A93ED02379DBFA00EEF0AC /* Browse.swift */; };
		56A93ED32379DC3100EEF0AC /* BrowseDetails.swift in Sources */ = {isa = PBXBuildFile; fileRef = 56A93ED22379DC3100EEF0AC /* BrowseDetails.swift */; };
		56A93ED52379DC4000EEF0AC /* Post.swift in Sources */ = {isa = PBXBuildFile; fileRef = 56A93ED42379DC4000EEF0AC /* Post.swift */; };
		56A93ED72379DC5B00EEF0AC /* History.swift in Sources */ = {isa = PBXBuildFile; fileRef = 56A93ED62379DC5B00EEF0AC /* History.swift */; };
		56A93ED92379DC7A00EEF0AC /* Profile.swift in Sources */ = {isa = PBXBuildFile; fileRef = 56A93ED82379DC7A00EEF0AC /* Profile.swift */; };
		56A93EDB2379DC8200EEF0AC /* Listings.swift in Sources */ = {isa = PBXBuildFile; fileRef = 56A93EDA2379DC8200EEF0AC /* Listings.swift */; };
		56F11454237FF5FB00BFC77E /* Cell.swift in Sources */ = {isa = PBXBuildFile; fileRef = 56F11453237FF5FB00BFC77E /* Cell.swift */; };
		88F285BF237C9428006DA9A4 /* GoogleService-Info.plist in Resources */ = {isa = PBXBuildFile; fileRef = 88F285BE237C9428006DA9A4 /* GoogleService-Info.plist */; };
		9276E8AA6515F2F9AE8E1E16 /* Pods_BookUp.framework in Frameworks */ = {isa = PBXBuildFile; fileRef = 9921726A3266D69C90208A4E /* Pods_BookUp.framework */; };
		D75E99C6237613FA00D7B457 /* AppDelegate.swift in Sources */ = {isa = PBXBuildFile; fileRef = D75E99C5237613FA00D7B457 /* AppDelegate.swift */; };
		D75E99C8237613FA00D7B457 /* ViewController.swift in Sources */ = {isa = PBXBuildFile; fileRef = D75E99C7237613FA00D7B457 /* ViewController.swift */; };
		D75E99CB237613FA00D7B457 /* Main.storyboard in Resources */ = {isa = PBXBuildFile; fileRef = D75E99C9237613FA00D7B457 /* Main.storyboard */; };
		D75E99CD237613FC00D7B457 /* Assets.xcassets in Resources */ = {isa = PBXBuildFile; fileRef = D75E99CC237613FC00D7B457 /* Assets.xcassets */; };
		D75E99D0237613FC00D7B457 /* LaunchScreen.storyboard in Resources */ = {isa = PBXBuildFile; fileRef = D75E99CE237613FC00D7B457 /* LaunchScreen.storyboard */; };
/* End PBXBuildFile section */

/* Begin PBXFileReference section */
		0084DE4523831E3F009C73A8 /* User.swift */ = {isa = PBXFileReference; lastKnownFileType = sourcecode.swift; path = User.swift; sourceTree = "<group>"; };
		0086B7172381E26600B005B9 /* Login.swift */ = {isa = PBXFileReference; lastKnownFileType = sourcecode.swift; path = Login.swift; sourceTree = "<group>"; };
		0086B71B2381E53000B005B9 /* Authentication.swift */ = {isa = PBXFileReference; lastKnownFileType = sourcecode.swift; path = Authentication.swift; sourceTree = "<group>"; };
		0086B71D2381FCE600B005B9 /* CreateAccount.swift */ = {isa = PBXFileReference; lastKnownFileType = sourcecode.swift; path = CreateAccount.swift; sourceTree = "<group>"; };
		00C44143237F807A00A211F6 /* Book.swift */ = {isa = PBXFileReference; lastKnownFileType = sourcecode.swift; path = Book.swift; sourceTree = "<group>"; };
		46D8B1E07B4B85B1726715C3 /* Pods-BookUp.release.xcconfig */ = {isa = PBXFileReference; includeInIndex = 1; lastKnownFileType = text.xcconfig; name = "Pods-BookUp.release.xcconfig"; path = "Target Support Files/Pods-BookUp/Pods-BookUp.release.xcconfig"; sourceTree = "<group>"; };
		560B6AC8238125D80061FD15 /* noImage.png */ = {isa = PBXFileReference; lastKnownFileType = image.png; path = noImage.png; sourceTree = SOURCE_ROOT; };
		56A93ED02379DBFA00EEF0AC /* Browse.swift */ = {isa = PBXFileReference; lastKnownFileType = sourcecode.swift; path = Browse.swift; sourceTree = "<group>"; };
		56A93ED22379DC3100EEF0AC /* BrowseDetails.swift */ = {isa = PBXFileReference; lastKnownFileType = sourcecode.swift; path = BrowseDetails.swift; sourceTree = "<group>"; };
		56A93ED42379DC4000EEF0AC /* Post.swift */ = {isa = PBXFileReference; lastKnownFileType = sourcecode.swift; path = Post.swift; sourceTree = "<group>"; };
		56A93ED62379DC5B00EEF0AC /* History.swift */ = {isa = PBXFileReference; lastKnownFileType = sourcecode.swift; path = History.swift; sourceTree = "<group>"; };
		56A93ED82379DC7A00EEF0AC /* Profile.swift */ = {isa = PBXFileReference; lastKnownFileType = sourcecode.swift; path = Profile.swift; sourceTree = "<group>"; };
		56A93EDA2379DC8200EEF0AC /* Listings.swift */ = {isa = PBXFileReference; lastKnownFileType = sourcecode.swift; path = Listings.swift; sourceTree = "<group>"; };
		56F11453237FF5FB00BFC77E /* Cell.swift */ = {isa = PBXFileReference; lastKnownFileType = sourcecode.swift; path = Cell.swift; sourceTree = "<group>"; };
		5F8621A284D2864C713B17C9 /* Pods-BookUp.debug.xcconfig */ = {isa = PBXFileReference; includeInIndex = 1; lastKnownFileType = text.xcconfig; name = "Pods-BookUp.debug.xcconfig"; path = "Target Support Files/Pods-BookUp/Pods-BookUp.debug.xcconfig"; sourceTree = "<group>"; };
		88F285BE237C9428006DA9A4 /* GoogleService-Info.plist */ = {isa = PBXFileReference; fileEncoding = 4; lastKnownFileType = text.plist.xml; path = "GoogleService-Info.plist"; sourceTree = "<group>"; };
		9921726A3266D69C90208A4E /* Pods_BookUp.framework */ = {isa = PBXFileReference; explicitFileType = wrapper.framework; includeInIndex = 0; path = Pods_BookUp.framework; sourceTree = BUILT_PRODUCTS_DIR; };
		D75E99C2237613FA00D7B457 /* BookUp.app */ = {isa = PBXFileReference; explicitFileType = wrapper.application; includeInIndex = 0; path = BookUp.app; sourceTree = BUILT_PRODUCTS_DIR; };
		D75E99C5237613FA00D7B457 /* AppDelegate.swift */ = {isa = PBXFileReference; lastKnownFileType = sourcecode.swift; path = AppDelegate.swift; sourceTree = "<group>"; };
		D75E99C7237613FA00D7B457 /* ViewController.swift */ = {isa = PBXFileReference; lastKnownFileType = sourcecode.swift; path = ViewController.swift; sourceTree = "<group>"; };
		D75E99CA237613FA00D7B457 /* Base */ = {isa = PBXFileReference; lastKnownFileType = file.storyboard; name = Base; path = Base.lproj/Main.storyboard; sourceTree = "<group>"; };
		D75E99CC237613FC00D7B457 /* Assets.xcassets */ = {isa = PBXFileReference; lastKnownFileType = folder.assetcatalog; path = Assets.xcassets; sourceTree = "<group>"; };
		D75E99CF237613FC00D7B457 /* Base */ = {isa = PBXFileReference; lastKnownFileType = file.storyboard; name = Base; path = Base.lproj/LaunchScreen.storyboard; sourceTree = "<group>"; };
		D75E99D1237613FC00D7B457 /* Info.plist */ = {isa = PBXFileReference; lastKnownFileType = text.plist.xml; path = Info.plist; sourceTree = "<group>"; };
/* End PBXFileReference section */

/* Begin PBXFrameworksBuildPhase section */
		D75E99BF237613FA00D7B457 /* Frameworks */ = {
			isa = PBXFrameworksBuildPhase;
			buildActionMask = 2147483647;
			files = (
				9276E8AA6515F2F9AE8E1E16 /* Pods_BookUp.framework in Frameworks */,
			);
			runOnlyForDeploymentPostprocessing = 0;
		};
/* End PBXFrameworksBuildPhase section */

/* Begin PBXGroup section */
		991552E26718AC7A39D3CD8B /* Pods */ = {
			isa = PBXGroup;
			children = (
				5F8621A284D2864C713B17C9 /* Pods-BookUp.debug.xcconfig */,
				46D8B1E07B4B85B1726715C3 /* Pods-BookUp.release.xcconfig */,
			);
			path = Pods;
			sourceTree = "<group>";
		};
		A9B82CAE298011D84446795F /* Frameworks */ = {
			isa = PBXGroup;
			children = (
				9921726A3266D69C90208A4E /* Pods_BookUp.framework */,
			);
			name = Frameworks;
			sourceTree = "<group>";
		};
		D75E99B9237613FA00D7B457 = {
			isa = PBXGroup;
			children = (
				D75E99C4237613FA00D7B457 /* BookUp */,
				D75E99C3237613FA00D7B457 /* Products */,
				991552E26718AC7A39D3CD8B /* Pods */,
				A9B82CAE298011D84446795F /* Frameworks */,
			);
			sourceTree = "<group>";
		};
		D75E99C3237613FA00D7B457 /* Products */ = {
			isa = PBXGroup;
			children = (
				D75E99C2237613FA00D7B457 /* BookUp.app */,
			);
			name = Products;
			sourceTree = "<group>";
		};
		D75E99C4237613FA00D7B457 /* BookUp */ = {
			isa = PBXGroup;
			children = (
				D75E99C5237613FA00D7B457 /* AppDelegate.swift */,
				D75E99C7237613FA00D7B457 /* ViewController.swift */,
				D75E99C9237613FA00D7B457 /* Main.storyboard */,
				0086B71B2381E53000B005B9 /* Authentication.swift */,
				0086B7172381E26600B005B9 /* Login.swift */,
				0086B71D2381FCE600B005B9 /* CreateAccount.swift */,
				D75E99CC237613FC00D7B457 /* Assets.xcassets */,
				560B6AC8238125D80061FD15 /* noImage.png */,
				D75E99CE237613FC00D7B457 /* LaunchScreen.storyboard */,
				D75E99D1237613FC00D7B457 /* Info.plist */,
				56A93ED02379DBFA00EEF0AC /* Browse.swift */,
				56A93ED22379DC3100EEF0AC /* BrowseDetails.swift */,
				56A93ED42379DC4000EEF0AC /* Post.swift */,
				56A93ED62379DC5B00EEF0AC /* History.swift */,
				56A93ED82379DC7A00EEF0AC /* Profile.swift */,
				0084DE4523831E3F009C73A8 /* User.swift */,
				56A93EDA2379DC8200EEF0AC /* Listings.swift */,
				88F285BE237C9428006DA9A4 /* GoogleService-Info.plist */,
				00C44143237F807A00A211F6 /* Book.swift */,
				56F11453237FF5FB00BFC77E /* Cell.swift */,
			);
			path = BookUp;
			sourceTree = "<group>";
		};
/* End PBXGroup section */

/* Begin PBXNativeTarget section */
		D75E99C1237613FA00D7B457 /* BookUp */ = {
			isa = PBXNativeTarget;
			buildConfigurationList = D75E99D4237613FC00D7B457 /* Build configuration list for PBXNativeTarget "BookUp" */;
			buildPhases = (
				D14F5491FFFBA7F50185B7A7 /* [CP] Check Pods Manifest.lock */,
				D75E99BE237613FA00D7B457 /* Sources */,
				D75E99BF237613FA00D7B457 /* Frameworks */,
				D75E99C0237613FA00D7B457 /* Resources */,
				2956D85E711A42D9FB140DB8 /* [CP] Embed Pods Frameworks */,
			);
			buildRules = (
			);
			dependencies = (
			);
			name = BookUp;
			productName = BookUp;
			productReference = D75E99C2237613FA00D7B457 /* BookUp.app */;
			productType = "com.apple.product-type.application";
		};
/* End PBXNativeTarget section */

/* Begin PBXProject section */
		D75E99BA237613FA00D7B457 /* Project object */ = {
			isa = PBXProject;
			attributes = {
				LastSwiftUpdateCheck = 1020;
				LastUpgradeCheck = 1020;
				ORGANIZATIONNAME = "Anika Kumar";
				TargetAttributes = {
					D75E99C1237613FA00D7B457 = {
						CreatedOnToolsVersion = 10.2.1;
					};
				};
			};
			buildConfigurationList = D75E99BD237613FA00D7B457 /* Build configuration list for PBXProject "BookUp" */;
			compatibilityVersion = "Xcode 9.3";
			developmentRegion = en;
			hasScannedForEncodings = 0;
			knownRegions = (
				en,
				Base,
			);
			mainGroup = D75E99B9237613FA00D7B457;
			productRefGroup = D75E99C3237613FA00D7B457 /* Products */;
			projectDirPath = "";
			projectRoot = "";
			targets = (
				D75E99C1237613FA00D7B457 /* BookUp */,
			);
		};
/* End PBXProject section */

/* Begin PBXResourcesBuildPhase section */
		D75E99C0237613FA00D7B457 /* Resources */ = {
			isa = PBXResourcesBuildPhase;
			buildActionMask = 2147483647;
			files = (
				D75E99D0237613FC00D7B457 /* LaunchScreen.storyboard in Resources */,
				88F285BF237C9428006DA9A4 /* GoogleService-Info.plist in Resources */,
				560B6AC9238125D80061FD15 /* noImage.png in Resources */,
				D75E99CD237613FC00D7B457 /* Assets.xcassets in Resources */,
				D75E99CB237613FA00D7B457 /* Main.storyboard in Resources */,
			);
			runOnlyForDeploymentPostprocessing = 0;
		};
/* End PBXResourcesBuildPhase section */

/* Begin PBXShellScriptBuildPhase section */
		2956D85E711A42D9FB140DB8 /* [CP] Embed Pods Frameworks */ = {
			isa = PBXShellScriptBuildPhase;
			buildActionMask = 2147483647;
			files = (
			);
			inputFileListPaths = (
				"${PODS_ROOT}/Target Support Files/Pods-BookUp/Pods-BookUp-frameworks-${CONFIGURATION}-input-files.xcfilelist",
			);
			name = "[CP] Embed Pods Frameworks";
			outputFileListPaths = (
				"${PODS_ROOT}/Target Support Files/Pods-BookUp/Pods-BookUp-frameworks-${CONFIGURATION}-output-files.xcfilelist",
			);
			runOnlyForDeploymentPostprocessing = 0;
			shellPath = /bin/sh;
			shellScript = "\"${PODS_ROOT}/Target Support Files/Pods-BookUp/Pods-BookUp-frameworks.sh\"\n";
			showEnvVarsInLog = 0;
		};
		D14F5491FFFBA7F50185B7A7 /* [CP] Check Pods Manifest.lock */ = {
			isa = PBXShellScriptBuildPhase;
			buildActionMask = 2147483647;
			files = (
			);
			inputFileListPaths = (
			);
			inputPaths = (
				"${PODS_PODFILE_DIR_PATH}/Podfile.lock",
				"${PODS_ROOT}/Manifest.lock",
			);
			name = "[CP] Check Pods Manifest.lock";
			outputFileListPaths = (
			);
			outputPaths = (
				"$(DERIVED_FILE_DIR)/Pods-BookUp-checkManifestLockResult.txt",
			);
			runOnlyForDeploymentPostprocessing = 0;
			shellPath = /bin/sh;
			shellScript = "diff \"${PODS_PODFILE_DIR_PATH}/Podfile.lock\" \"${PODS_ROOT}/Manifest.lock\" > /dev/null\nif [ $? != 0 ] ; then\n    # print error to STDERR\n    echo \"error: The sandbox is not in sync with the Podfile.lock. Run 'pod install' or update your CocoaPods installation.\" >&2\n    exit 1\nfi\n# This output is used by Xcode 'outputs' to avoid re-running this script phase.\necho \"SUCCESS\" > \"${SCRIPT_OUTPUT_FILE_0}\"\n";
			showEnvVarsInLog = 0;
		};
/* End PBXShellScriptBuildPhase section */

/* Begin PBXSourcesBuildPhase section */
		D75E99BE237613FA00D7B457 /* Sources */ = {
			isa = PBXSourcesBuildPhase;
			buildActionMask = 2147483647;
			files = (
				56A93ED72379DC5B00EEF0AC /* History.swift in Sources */,
				D75E99C8237613FA00D7B457 /* ViewController.swift in Sources */,
				56A93ED12379DBFA00EEF0AC /* Browse.swift in Sources */,
				0086B71C2381E53000B005B9 /* Authentication.swift in Sources */,
				0086B71E2381FCE600B005B9 /* CreateAccount.swift in Sources */,
				56A93ED92379DC7A00EEF0AC /* Profile.swift in Sources */,
				0084DE4623831E3F009C73A8 /* User.swift in Sources */,
				56A93ED32379DC3100EEF0AC /* BrowseDetails.swift in Sources */,
				00C44144237F807A00A211F6 /* Book.swift in Sources */,
				D75E99C6237613FA00D7B457 /* AppDelegate.swift in Sources */,
				56F11454237FF5FB00BFC77E /* Cell.swift in Sources */,
				56A93EDB2379DC8200EEF0AC /* Listings.swift in Sources */,
				0086B7182381E26600B005B9 /* Login.swift in Sources */,
				56A93ED52379DC4000EEF0AC /* Post.swift in Sources */,
			);
			runOnlyForDeploymentPostprocessing = 0;
		};
/* End PBXSourcesBuildPhase section */

/* Begin PBXVariantGroup section */
		D75E99C9237613FA00D7B457 /* Main.storyboard */ = {
			isa = PBXVariantGroup;
			children = (
				D75E99CA237613FA00D7B457 /* Base */,
			);
			name = Main.storyboard;
			sourceTree = "<group>";
		};
		D75E99CE237613FC00D7B457 /* LaunchScreen.storyboard */ = {
			isa = PBXVariantGroup;
			children = (
				D75E99CF237613FC00D7B457 /* Base */,
			);
			name = LaunchScreen.storyboard;
			sourceTree = "<group>";
		};
/* End PBXVariantGroup section */

/* Begin XCBuildConfiguration section */
		D75E99D2237613FC00D7B457 /* Debug */ = {
			isa = XCBuildConfiguration;
			buildSettings = {
				ALWAYS_SEARCH_USER_PATHS = NO;
				CLANG_ANALYZER_NONNULL = YES;
				CLANG_ANALYZER_NUMBER_OBJECT_CONVERSION = YES_AGGRESSIVE;
				CLANG_CXX_LANGUAGE_STANDARD = "gnu++14";
				CLANG_CXX_LIBRARY = "libc++";
				CLANG_ENABLE_MODULES = YES;
				CLANG_ENABLE_OBJC_ARC = YES;
				CLANG_ENABLE_OBJC_WEAK = YES;
				CLANG_WARN_BLOCK_CAPTURE_AUTORELEASING = YES;
				CLANG_WARN_BOOL_CONVERSION = YES;
				CLANG_WARN_COMMA = YES;
				CLANG_WARN_CONSTANT_CONVERSION = YES;
				CLANG_WARN_DEPRECATED_OBJC_IMPLEMENTATIONS = YES;
				CLANG_WARN_DIRECT_OBJC_ISA_USAGE = YES_ERROR;
				CLANG_WARN_DOCUMENTATION_COMMENTS = YES;
				CLANG_WARN_EMPTY_BODY = YES;
				CLANG_WARN_ENUM_CONVERSION = YES;
				CLANG_WARN_INFINITE_RECURSION = YES;
				CLANG_WARN_INT_CONVERSION = YES;
				CLANG_WARN_NON_LITERAL_NULL_CONVERSION = YES;
				CLANG_WARN_OBJC_IMPLICIT_RETAIN_SELF = YES;
				CLANG_WARN_OBJC_LITERAL_CONVERSION = YES;
				CLANG_WARN_OBJC_ROOT_CLASS = YES_ERROR;
				CLANG_WARN_RANGE_LOOP_ANALYSIS = YES;
				CLANG_WARN_STRICT_PROTOTYPES = YES;
				CLANG_WARN_SUSPICIOUS_MOVE = YES;
				CLANG_WARN_UNGUARDED_AVAILABILITY = YES_AGGRESSIVE;
				CLANG_WARN_UNREACHABLE_CODE = YES;
				CLANG_WARN__DUPLICATE_METHOD_MATCH = YES;
				CODE_SIGN_IDENTITY = "iPhone Developer";
				COPY_PHASE_STRIP = NO;
				DEBUG_INFORMATION_FORMAT = dwarf;
				ENABLE_STRICT_OBJC_MSGSEND = YES;
				ENABLE_TESTABILITY = YES;
				GCC_C_LANGUAGE_STANDARD = gnu11;
				GCC_DYNAMIC_NO_PIC = NO;
				GCC_NO_COMMON_BLOCKS = YES;
				GCC_OPTIMIZATION_LEVEL = 0;
				GCC_PREPROCESSOR_DEFINITIONS = (
					"DEBUG=1",
					"$(inherited)",
				);
				GCC_WARN_64_TO_32_BIT_CONVERSION = YES;
				GCC_WARN_ABOUT_RETURN_TYPE = YES_ERROR;
				GCC_WARN_UNDECLARED_SELECTOR = YES;
				GCC_WARN_UNINITIALIZED_AUTOS = YES_AGGRESSIVE;
				GCC_WARN_UNUSED_FUNCTION = YES;
				GCC_WARN_UNUSED_VARIABLE = YES;
				IPHONEOS_DEPLOYMENT_TARGET = 12.2;
				MTL_ENABLE_DEBUG_INFO = INCLUDE_SOURCE;
				MTL_FAST_MATH = YES;
				ONLY_ACTIVE_ARCH = YES;
				SDKROOT = iphoneos;
				SWIFT_ACTIVE_COMPILATION_CONDITIONS = DEBUG;
				SWIFT_OPTIMIZATION_LEVEL = "-Onone";
			};
			name = Debug;
		};
		D75E99D3237613FC00D7B457 /* Release */ = {
			isa = XCBuildConfiguration;
			buildSettings = {
				ALWAYS_SEARCH_USER_PATHS = NO;
				CLANG_ANALYZER_NONNULL = YES;
				CLANG_ANALYZER_NUMBER_OBJECT_CONVERSION = YES_AGGRESSIVE;
				CLANG_CXX_LANGUAGE_STANDARD = "gnu++14";
				CLANG_CXX_LIBRARY = "libc++";
				CLANG_ENABLE_MODULES = YES;
				CLANG_ENABLE_OBJC_ARC = YES;
				CLANG_ENABLE_OBJC_WEAK = YES;
				CLANG_WARN_BLOCK_CAPTURE_AUTORELEASING = YES;
				CLANG_WARN_BOOL_CONVERSION = YES;
				CLANG_WARN_COMMA = YES;
				CLANG_WARN_CONSTANT_CONVERSION = YES;
				CLANG_WARN_DEPRECATED_OBJC_IMPLEMENTATIONS = YES;
				CLANG_WARN_DIRECT_OBJC_ISA_USAGE = YES_ERROR;
				CLANG_WARN_DOCUMENTATION_COMMENTS = YES;
				CLANG_WARN_EMPTY_BODY = YES;
				CLANG_WARN_ENUM_CONVERSION = YES;
				CLANG_WARN_INFINITE_RECURSION = YES;
				CLANG_WARN_INT_CONVERSION = YES;
				CLANG_WARN_NON_LITERAL_NULL_CONVERSION = YES;
				CLANG_WARN_OBJC_IMPLICIT_RETAIN_SELF = YES;
				CLANG_WARN_OBJC_LITERAL_CONVERSION = YES;
				CLANG_WARN_OBJC_ROOT_CLASS = YES_ERROR;
				CLANG_WARN_RANGE_LOOP_ANALYSIS = YES;
				CLANG_WARN_STRICT_PROTOTYPES = YES;
				CLANG_WARN_SUSPICIOUS_MOVE = YES;
				CLANG_WARN_UNGUARDED_AVAILABILITY = YES_AGGRESSIVE;
				CLANG_WARN_UNREACHABLE_CODE = YES;
				CLANG_WARN__DUPLICATE_METHOD_MATCH = YES;
				CODE_SIGN_IDENTITY = "iPhone Developer";
				COPY_PHASE_STRIP = NO;
				DEBUG_INFORMATION_FORMAT = "dwarf-with-dsym";
				ENABLE_NS_ASSERTIONS = NO;
				ENABLE_STRICT_OBJC_MSGSEND = YES;
				GCC_C_LANGUAGE_STANDARD = gnu11;
				GCC_NO_COMMON_BLOCKS = YES;
				GCC_WARN_64_TO_32_BIT_CONVERSION = YES;
				GCC_WARN_ABOUT_RETURN_TYPE = YES_ERROR;
				GCC_WARN_UNDECLARED_SELECTOR = YES;
				GCC_WARN_UNINITIALIZED_AUTOS = YES_AGGRESSIVE;
				GCC_WARN_UNUSED_FUNCTION = YES;
				GCC_WARN_UNUSED_VARIABLE = YES;
				IPHONEOS_DEPLOYMENT_TARGET = 12.2;
				MTL_ENABLE_DEBUG_INFO = NO;
				MTL_FAST_MATH = YES;
				SDKROOT = iphoneos;
				SWIFT_COMPILATION_MODE = wholemodule;
				SWIFT_OPTIMIZATION_LEVEL = "-O";
				VALIDATE_PRODUCT = YES;
			};
			name = Release;
		};
		D75E99D5237613FC00D7B457 /* Debug */ = {
			isa = XCBuildConfiguration;
			baseConfigurationReference = 5F8621A284D2864C713B17C9 /* Pods-BookUp.debug.xcconfig */;
			buildSettings = {
				ASSETCATALOG_COMPILER_APPICON_NAME = AppIcon;
				CODE_SIGN_STYLE = Automatic;
				INFOPLIST_FILE = BookUp/Info.plist;
				LD_RUNPATH_SEARCH_PATHS = (
					"$(inherited)",
					"@executable_path/Frameworks",
				);
				PRODUCT_BUNDLE_IDENTIFIER = com.anikakumar.BookUp;
				PRODUCT_NAME = "$(TARGET_NAME)";
				SWIFT_VERSION = 5.0;
				TARGETED_DEVICE_FAMILY = "1,2";
			};
			name = Debug;
		};
		D75E99D6237613FC00D7B457 /* Release */ = {
			isa = XCBuildConfiguration;
			baseConfigurationReference = 46D8B1E07B4B85B1726715C3 /* Pods-BookUp.release.xcconfig */;
			buildSettings = {
				ASSETCATALOG_COMPILER_APPICON_NAME = AppIcon;
				CODE_SIGN_STYLE = Automatic;
				INFOPLIST_FILE = BookUp/Info.plist;
				LD_RUNPATH_SEARCH_PATHS = (
					"$(inherited)",
					"@executable_path/Frameworks",
				);
				PRODUCT_BUNDLE_IDENTIFIER = com.anikakumar.BookUp;
				PRODUCT_NAME = "$(TARGET_NAME)";
				SWIFT_VERSION = 5.0;
				TARGETED_DEVICE_FAMILY = "1,2";
			};
			name = Release;
		};
/* End XCBuildConfiguration section */

/* Begin XCConfigurationList section */
		D75E99BD237613FA00D7B457 /* Build configuration list for PBXProject "BookUp" */ = {
			isa = XCConfigurationList;
			buildConfigurations = (
				D75E99D2237613FC00D7B457 /* Debug */,
				D75E99D3237613FC00D7B457 /* Release */,
			);
			defaultConfigurationIsVisible = 0;
			defaultConfigurationName = Release;
		};
		D75E99D4237613FC00D7B457 /* Build configuration list for PBXNativeTarget "BookUp" */ = {
			isa = XCConfigurationList;
			buildConfigurations = (
				D75E99D5237613FC00D7B457 /* Debug */,
				D75E99D6237613FC00D7B457 /* Release */,
			);
			defaultConfigurationIsVisible = 0;
			defaultConfigurationName = Release;
		};
/* End XCConfigurationList section */
	};
	rootObject = D75E99BA237613FA00D7B457 /* Project object */;
}
