// !$*UTF8*$!
{
	archiveVersion = 1;
	classes = {
	};
	objectVersion = 50;
	objects = {

/* Begin PBXBuildFile section */
		56A93ED12379DBFA00EEF0AC /* Browse.swift in Sources */ = {isa = PBXBuildFile; fileRef = 56A93ED02379DBFA00EEF0AC /* Browse.swift */; };
		56A93ED32379DC3100EEF0AC /* BrowseDetails.swift in Sources */ = {isa = PBXBuildFile; fileRef = 56A93ED22379DC3100EEF0AC /* BrowseDetails.swift */; };
		56A93ED52379DC4000EEF0AC /* Post.swift in Sources */ = {isa = PBXBuildFile; fileRef = 56A93ED42379DC4000EEF0AC /* Post.swift */; };
		56A93ED72379DC5B00EEF0AC /* History.swift in Sources */ = {isa = PBXBuildFile; fileRef = 56A93ED62379DC5B00EEF0AC /* History.swift */; };
		56A93ED92379DC7A00EEF0AC /* Profile.swift in Sources */ = {isa = PBXBuildFile; fileRef = 56A93ED82379DC7A00EEF0AC /* Profile.swift */; };
		56A93EDB2379DC8200EEF0AC /* Listings.swift in Sources */ = {isa = PBXBuildFile; fileRef = 56A93EDA2379DC8200EEF0AC /* Listings.swift */; };
		D75E99C6237613FA00D7B457 /* AppDelegate.swift in Sources */ = {isa = PBXBuildFile; fileRef = D75E99C5237613FA00D7B457 /* AppDelegate.swift */; };
		D75E99C8237613FA00D7B457 /* ViewController.swift in Sources */ = {isa = PBXBuildFile; fileRef = D75E99C7237613FA00D7B457 /* ViewController.swift */; };
		D75E99CB237613FA00D7B457 /* Main.storyboard in Resources */ = {isa = PBXBuildFile; fileRef = D75E99C9237613FA00D7B457 /* Main.storyboard */; };
		D75E99CD237613FC00D7B457 /* Assets.xcassets in Resources */ = {isa = PBXBuildFile; fileRef = D75E99CC237613FC00D7B457 /* Assets.xcassets */; };
		D75E99D0237613FC00D7B457 /* LaunchScreen.storyboard in Resources */ = {isa = PBXBuildFile; fileRef = D75E99CE237613FC00D7B457 /* LaunchScreen.storyboard */; };
/* End PBXBuildFile section */

/* Begin PBXFileReference section */
		56A93ED02379DBFA00EEF0AC /* Browse.swift */ = {isa = PBXFileReference; lastKnownFileType = sourcecode.swift; path = Browse.swift; sourceTree = "<group>"; };
		56A93ED22379DC3100EEF0AC /* BrowseDetails.swift */ = {isa = PBXFileReference; lastKnownFileType = sourcecode.swift; path = BrowseDetails.swift; sourceTree = "<group>"; };
		56A93ED42379DC4000EEF0AC /* Post.swift */ = {isa = PBXFileReference; lastKnownFileType = sourcecode.swift; path = Post.swift; sourceTree = "<group>"; };
		56A93ED62379DC5B00EEF0AC /* History.swift */ = {isa = PBXFileReference; lastKnownFileType = sourcecode.swift; path = History.swift; sourceTree = "<group>"; };
		56A93ED82379DC7A00EEF0AC /* Profile.swift */ = {isa = PBXFileReference; lastKnownFileType = sourcecode.swift; path = Profile.swift; sourceTree = "<group>"; };
		56A93EDA2379DC8200EEF0AC /* Listings.swift */ = {isa = PBXFileReference; lastKnownFileType = sourcecode.swift; path = Listings.swift; sourceTree = "<group>"; };
		D75E99C2237613FA00D7B457 /* BookUp.app */ = {isa = PBXFileReference; explicitFileType = wrapper.application; includeInIndex = 0; path = BookUp.app; sourceTree = BUILT_PRODUCTS_DIR; };
		D75E99C5237613FA00D7B457 /* AppDelegate.swift */ = {isa = PBXFileReference; lastKnownFileType = sourcecode.swift; path = AppDelegate.swift; sourceTree = "<group>"; };
		D75E99C7237613FA00D7B457 /* ViewController.swift */ = {isa = PBXFileReference; lastKnownFileType = sourcecode.swift; path = ViewController.swift; sourceTree = "<group>"; };
		D75E99CA237613FA00D7B457 /* Base */ = {isa = PBXFileReference; lastKnownFileType = file.storyboard; name = Base; path = Base.lproj/Main.storyboard; sourceTree = "<group>"; };
		D75E99CC237613FC00D7B457 /* Assets.xcassets */ = {isa = PBXFileReference; lastKnownFileType = folder.assetcatalog; path = Assets.xcassets; sourceTree = "<group>"; };
		D75E99CF237613FC00D7B457 /* Base */ = {isa = PBXFileReference; lastKnownFileType = file.storyboard; name = Base; path = Base.lproj/LaunchScreen.storyboard; sourceTree = "<group>"; };
		D75E99D1237613FC00D7B457 /* Info.plist */ = {isa = PBXFileReference; lastKnownFileType = text.plist.xml; path = Info.plist; sourceTree = "<group>"; };
/* End PBXFileReference section */

/* Begin PBXFrameworksBuildPhase section */
		D75E99BF237613FA00D7B457 /* Frameworks */ = {
			isa = PBXFrameworksBuildPhase;
			buildActionMask = 2147483647;
			files = (
			);
			runOnlyForDeploymentPostprocessing = 0;
		};
/* End PBXFrameworksBuildPhase section */

/* Begin PBXGroup section */
		D75E99B9237613FA00D7B457 = {
			isa = PBXGroup;
			children = (
				D75E99C4237613FA00D7B457 /* BookUp */,
				D75E99C3237613FA00D7B457 /* Products */,
			);
			sourceTree = "<group>";
		};
		D75E99C3237613FA00D7B457 /* Products */ = {
			isa = PBXGroup;
			children = (
				D75E99C2237613FA00D7B457 /* BookUp.app */,
			);
			name = Products;
			sourceTree = "<group>";
		};
		D75E99C4237613FA00D7B457 /* BookUp */ = {
			isa = PBXGroup;
			children = (
				D75E99C5237613FA00D7B457 /* AppDelegate.swift */,
				D75E99C7237613FA00D7B457 /* ViewController.swift */,
				D75E99C9237613FA00D7B457 /* Main.storyboard */,
				D75E99CC237613FC00D7B457 /* Assets.xcassets */,
				D75E99CE237613FC00D7B457 /* LaunchScreen.storyboard */,
				D75E99D1237613FC00D7B457 /* Info.plist */,
				56A93ED02379DBFA00EEF0AC /* Browse.swift */,
				56A93ED22379DC3100EEF0AC /* BrowseDetails.swift */,
				56A93ED42379DC4000EEF0AC /* Post.swift */,
				56A93ED62379DC5B00EEF0AC /* History.swift */,
				56A93ED82379DC7A00EEF0AC /* Profile.swift */,
				56A93EDA2379DC8200EEF0AC /* Listings.swift */,
			);
			path = BookUp;
			sourceTree = "<group>";
		};
/* End PBXGroup section */

/* Begin PBXNativeTarget section */
		D75E99C1237613FA00D7B457 /* BookUp */ = {
			isa = PBXNativeTarget;
			buildConfigurationList = D75E99D4237613FC00D7B457 /* Build configuration list for PBXNativeTarget "BookUp" */;
			buildPhases = (
				D75E99BE237613FA00D7B457 /* Sources */,
				D75E99BF237613FA00D7B457 /* Frameworks */,
				D75E99C0237613FA00D7B457 /* Resources */,
			);
			buildRules = (
			);
			dependencies = (
			);
			name = BookUp;
			productName = BookUp;
			productReference = D75E99C2237613FA00D7B457 /* BookUp.app */;
			productType = "com.apple.product-type.application";
		};
/* End PBXNativeTarget section */

/* Begin PBXProject section */
		D75E99BA237613FA00D7B457 /* Project object */ = {
			isa = PBXProject;
			attributes = {
				LastSwiftUpdateCheck = 1020;
				LastUpgradeCheck = 1020;
				ORGANIZATIONNAME = "Anika Kumar";
				TargetAttributes = {
					D75E99C1237613FA00D7B457 = {
						CreatedOnToolsVersion = 10.2.1;
					};
				};
			};
			buildConfigurationList = D75E99BD237613FA00D7B457 /* Build configuration list for PBXProject "BookUp" */;
			compatibilityVersion = "Xcode 9.3";
			developmentRegion = en;
			hasScannedForEncodings = 0;
			knownRegions = (
				en,
				Base,
			);
			mainGroup = D75E99B9237613FA00D7B457;
			productRefGroup = D75E99C3237613FA00D7B457 /* Products */;
			projectDirPath = "";
			projectRoot = "";
			targets = (
				D75E99C1237613FA00D7B457 /* BookUp */,
			);
		};
/* End PBXProject section */

/* Begin PBXResourcesBuildPhase section */
		D75E99C0237613FA00D7B457 /* Resources */ = {
			isa = PBXResourcesBuildPhase;
			buildActionMask = 2147483647;
			files = (
				D75E99D0237613FC00D7B457 /* LaunchScreen.storyboard in Resources */,
				D75E99CD237613FC00D7B457 /* Assets.xcassets in Resources */,
				D75E99CB237613FA00D7B457 /* Main.storyboard in Resources */,
			);
			runOnlyForDeploymentPostprocessing = 0;
		};
/* End PBXResourcesBuildPhase section */

/* Begin PBXSourcesBuildPhase section */
		D75E99BE237613FA00D7B457 /* Sources */ = {
			isa = PBXSourcesBuildPhase;
			buildActionMask = 2147483647;
			files = (
				56A93ED72379DC5B00EEF0AC /* History.swift in Sources */,
				D75E99C8237613FA00D7B457 /* ViewController.swift in Sources */,
				56A93ED12379DBFA00EEF0AC /* Browse.swift in Sources */,
				56A93ED92379DC7A00EEF0AC /* Profile.swift in Sources */,
				56A93ED32379DC3100EEF0AC /* BrowseDetails.swift in Sources */,
				D75E99C6237613FA00D7B457 /* AppDelegate.swift in Sources */,
				56A93EDB2379DC8200EEF0AC /* Listings.swift in Sources */,
				56A93ED52379DC4000EEF0AC /* Post.swift in Sources */,
			);
			runOnlyForDeploymentPostprocessing = 0;
		};
/* End PBXSourcesBuildPhase section */

/* Begin PBXVariantGroup section */
		D75E99C9237613FA00D7B457 /* Main.storyboard */ = {
			isa = PBXVariantGroup;
			children = (
				D75E99CA237613FA00D7B457 /* Base */,
			);
			name = Main.storyboard;
			sourceTree = "<group>";
		};
		D75E99CE237613FC00D7B457 /* LaunchScreen.storyboard */ = {
			isa = PBXVariantGroup;
			children = (
				D75E99CF237613FC00D7B457 /* Base */,
			);
			name = LaunchScreen.storyboard;
			sourceTree = "<group>";
		};
/* End PBXVariantGroup section */

/* Begin XCBuildConfiguration section */
		D75E99D2237613FC00D7B457 /* Debug */ = {
			isa = XCBuildConfiguration;
			buildSettings = {
				ALWAYS_SEARCH_USER_PATHS = NO;
				CLANG_ANALYZER_NONNULL = YES;
				CLANG_ANALYZER_NUMBER_OBJECT_CONVERSION = YES_AGGRESSIVE;
				CLANG_CXX_LANGUAGE_STANDARD = "gnu++14";
				CLANG_CXX_LIBRARY = "libc++";
				CLANG_ENABLE_MODULES = YES;
				CLANG_ENABLE_OBJC_ARC = YES;
				CLANG_ENABLE_OBJC_WEAK = YES;
				CLANG_WARN_BLOCK_CAPTURE_AUTORELEASING = YES;
				CLANG_WARN_BOOL_CONVERSION = YES;
				CLANG_WARN_COMMA = YES;
				CLANG_WARN_CONSTANT_CONVERSION = YES;
				CLANG_WARN_DEPRECATED_OBJC_IMPLEMENTATIONS = YES;
				CLANG_WARN_DIRECT_OBJC_ISA_USAGE = YES_ERROR;
				CLANG_WARN_DOCUMENTATION_COMMENTS = YES;
				CLANG_WARN_EMPTY_BODY = YES;
				CLANG_WARN_ENUM_CONVERSION = YES;
				CLANG_WARN_INFINITE_RECURSION = YES;
				CLANG_WARN_INT_CONVERSION = YES;
				CLANG_WARN_NON_LITERAL_NULL_CONVERSION = YES;
				CLANG_WARN_OBJC_IMPLICIT_RETAIN_SELF = YES;
				CLANG_WARN_OBJC_LITERAL_CONVERSION = YES;
				CLANG_WARN_OBJC_ROOT_CLASS = YES_ERROR;
				CLANG_WARN_RANGE_LOOP_ANALYSIS = YES;
				CLANG_WARN_STRICT_PROTOTYPES = YES;
				CLANG_WARN_SUSPICIOUS_MOVE = YES;
				CLANG_WARN_UNGUARDED_AVAILABILITY = YES_AGGRESSIVE;
				CLANG_WARN_UNREACHABLE_CODE = YES;
				CLANG_WARN__DUPLICATE_METHOD_MATCH = YES;
				CODE_SIGN_IDENTITY = "iPhone Developer";
				COPY_PHASE_STRIP = NO;
				DEBUG_INFORMATION_FORMAT = dwarf;
				ENABLE_STRICT_OBJC_MSGSEND = YES;
				ENABLE_TESTABILITY = YES;
				GCC_C_LANGUAGE_STANDARD = gnu11;
				GCC_DYNAMIC_NO_PIC = NO;
				GCC_NO_COMMON_BLOCKS = YES;
				GCC_OPTIMIZATION_LEVEL = 0;
				GCC_PREPROCESSOR_DEFINITIONS = (
					"DEBUG=1",
					"$(inherited)",
				);
				GCC_WARN_64_TO_32_BIT_CONVERSION = YES;
				GCC_WARN_ABOUT_RETURN_TYPE = YES_ERROR;
				GCC_WARN_UNDECLARED_SELECTOR = YES;
				GCC_WARN_UNINITIALIZED_AUTOS = YES_AGGRESSIVE;
				GCC_WARN_UNUSED_FUNCTION = YES;
				GCC_WARN_UNUSED_VARIABLE = YES;
				IPHONEOS_DEPLOYMENT_TARGET = 12.2;
				MTL_ENABLE_DEBUG_INFO = INCLUDE_SOURCE;
				MTL_FAST_MATH = YES;
				ONLY_ACTIVE_ARCH = YES;
				SDKROOT = iphoneos;
				SWIFT_ACTIVE_COMPILATION_CONDITIONS = DEBUG;
				SWIFT_OPTIMIZATION_LEVEL = "-Onone";
			};
			name = Debug;
		};
		D75E99D3237613FC00D7B457 /* Release */ = {
			isa = XCBuildConfiguration;
			buildSettings = {
				ALWAYS_SEARCH_USER_PATHS = NO;
				CLANG_ANALYZER_NONNULL = YES;
				CLANG_ANALYZER_NUMBER_OBJECT_CONVERSION = YES_AGGRESSIVE;
				CLANG_CXX_LANGUAGE_STANDARD = "gnu++14";
				CLANG_CXX_LIBRARY = "libc++";
				CLANG_ENABLE_MODULES = YES;
				CLANG_ENABLE_OBJC_ARC = YES;
				CLANG_ENABLE_OBJC_WEAK = YES;
				CLANG_WARN_BLOCK_CAPTURE_AUTORELEASING = YES;
				CLANG_WARN_BOOL_CONVERSION = YES;
				CLANG_WARN_COMMA = YES;
				CLANG_WARN_CONSTANT_CONVERSION = YES;
				CLANG_WARN_DEPRECATED_OBJC_IMPLEMENTATIONS = YES;
				CLANG_WARN_DIRECT_OBJC_ISA_USAGE = YES_ERROR;
				CLANG_WARN_DOCUMENTATION_COMMENTS = YES;
				CLANG_WARN_EMPTY_BODY = YES;
				CLANG_WARN_ENUM_CONVERSION = YES;
				CLANG_WARN_INFINITE_RECURSION = YES;
				CLANG_WARN_INT_CONVERSION = YES;
				CLANG_WARN_NON_LITERAL_NULL_CONVERSION = YES;
				CLANG_WARN_OBJC_IMPLICIT_RETAIN_SELF = YES;
				CLANG_WARN_OBJC_LITERAL_CONVERSION = YES;
				CLANG_WARN_OBJC_ROOT_CLASS = YES_ERROR;
				CLANG_WARN_RANGE_LOOP_ANALYSIS = YES;
				CLANG_WARN_STRICT_PROTOTYPES = YES;
				CLANG_WARN_SUSPICIOUS_MOVE = YES;
				CLANG_WARN_UNGUARDED_AVAILABILITY = YES_AGGRESSIVE;
				CLANG_WARN_UNREACHABLE_CODE = YES;
				CLANG_WARN__DUPLICATE_METHOD_MATCH = YES;
				CODE_SIGN_IDENTITY = "iPhone Developer";
				COPY_PHASE_STRIP = NO;
				DEBUG_INFORMATION_FORMAT = "dwarf-with-dsym";
				ENABLE_NS_ASSERTIONS = NO;
				ENABLE_STRICT_OBJC_MSGSEND = YES;
				GCC_C_LANGUAGE_STANDARD = gnu11;
				GCC_NO_COMMON_BLOCKS = YES;
				GCC_WARN_64_TO_32_BIT_CONVERSION = YES;
				GCC_WARN_ABOUT_RETURN_TYPE = YES_ERROR;
				GCC_WARN_UNDECLARED_SELECTOR = YES;
				GCC_WARN_UNINITIALIZED_AUTOS = YES_AGGRESSIVE;
				GCC_WARN_UNUSED_FUNCTION = YES;
				GCC_WARN_UNUSED_VARIABLE = YES;
				IPHONEOS_DEPLOYMENT_TARGET = 12.2;
				MTL_ENABLE_DEBUG_INFO = NO;
				MTL_FAST_MATH = YES;
				SDKROOT = iphoneos;
				SWIFT_COMPILATION_MODE = wholemodule;
				SWIFT_OPTIMIZATION_LEVEL = "-O";
				VALIDATE_PRODUCT = YES;
			};
			name = Release;
		};
		D75E99D5237613FC00D7B457 /* Debug */ = {
			isa = XCBuildConfiguration;
			buildSettings = {
				ASSETCATALOG_COMPILER_APPICON_NAME = AppIcon;
				CODE_SIGN_STYLE = Automatic;
				INFOPLIST_FILE = BookUp/Info.plist;
				LD_RUNPATH_SEARCH_PATHS = (
					"$(inherited)",
					"@executable_path/Frameworks",
				);
				PRODUCT_BUNDLE_IDENTIFIER = com.anikakumar.BookUp;
				PRODUCT_NAME = "$(TARGET_NAME)";
				SWIFT_VERSION = 5.0;
				TARGETED_DEVICE_FAMILY = "1,2";
			};
			name = Debug;
		};
		D75E99D6237613FC00D7B457 /* Release */ = {
			isa = XCBuildConfiguration;
			buildSettings = {
				ASSETCATALOG_COMPILER_APPICON_NAME = AppIcon;
				CODE_SIGN_STYLE = Automatic;
				INFOPLIST_FILE = BookUp/Info.plist;
				LD_RUNPATH_SEARCH_PATHS = (
					"$(inherited)",
					"@executable_path/Frameworks",
				);
				PRODUCT_BUNDLE_IDENTIFIER = com.anikakumar.BookUp;
				PRODUCT_NAME = "$(TARGET_NAME)";
				SWIFT_VERSION = 5.0;
				TARGETED_DEVICE_FAMILY = "1,2";
			};
			name = Release;
		};
/* End XCBuildConfiguration section */

/* Begin XCConfigurationList section */
		D75E99BD237613FA00D7B457 /* Build configuration list for PBXProject "BookUp" */ = {
			isa = XCConfigurationList;
			buildConfigurations = (
				D75E99D2237613FC00D7B457 /* Debug */,
				D75E99D3237613FC00D7B457 /* Release */,
			);
			defaultConfigurationIsVisible = 0;
			defaultConfigurationName = Release;
		};
		D75E99D4237613FC00D7B457 /* Build configuration list for PBXNativeTarget "BookUp" */ = {
			isa = XCConfigurationList;
			buildConfigurations = (
				D75E99D5237613FC00D7B457 /* Debug */,
				D75E99D6237613FC00D7B457 /* Release */,
			);
			defaultConfigurationIsVisible = 0;
			defaultConfigurationName = Release;
		};
/* End XCConfigurationList section */
	};
	rootObject = D75E99BA237613FA00D7B457 /* Project object */;
}
